// !$*UTF8*$!
{
	archiveVersion = 1;
	classes = {
	};
	objectVersion = 56;
	objects = {

/* Begin PBXBuildFile section */
		1F079B972BE5E978004C3860 /* HeaderView.swift in Sources */ = {isa = PBXBuildFile; fileRef = 1F079B962BE5E978004C3860 /* HeaderView.swift */; };
		1F079B992BE7B8B1004C3860 /* TextButton.swift in Sources */ = {isa = PBXBuildFile; fileRef = 1F079B982BE7B8B1004C3860 /* TextButton.swift */; };
		1F079BA42BEF2D33004C3860 /* User.swift in Sources */ = {isa = PBXBuildFile; fileRef = 1F079BA32BEF2D33004C3860 /* User.swift */; };
		1F079BA62BEF2F0B004C3860 /* Extensions.swift in Sources */ = {isa = PBXBuildFile; fileRef = 1F079BA52BEF2F0B004C3860 /* Extensions.swift */; };
		1F4F30E42BE1C98600DEBF66 /* ToDoListApp.swift in Sources */ = {isa = PBXBuildFile; fileRef = 1F4F30E32BE1C98600DEBF66 /* ToDoListApp.swift */; };
		1F4F30E62BE1C98600DEBF66 /* MainView.swift in Sources */ = {isa = PBXBuildFile; fileRef = 1F4F30E52BE1C98600DEBF66 /* MainView.swift */; };
		1F4F30E82BE1C98A00DEBF66 /* Assets.xcassets in Resources */ = {isa = PBXBuildFile; fileRef = 1F4F30E72BE1C98A00DEBF66 /* Assets.xcassets */; };
		1F4F30EB2BE1C98A00DEBF66 /* Preview Assets.xcassets in Resources */ = {isa = PBXBuildFile; fileRef = 1F4F30EA2BE1C98A00DEBF66 /* Preview Assets.xcassets */; };
		1F4F30F52BE1C98A00DEBF66 /* ToDoListTests.swift in Sources */ = {isa = PBXBuildFile; fileRef = 1F4F30F42BE1C98A00DEBF66 /* ToDoListTests.swift */; };
		1F4F30FF2BE1C98A00DEBF66 /* ToDoListUITests.swift in Sources */ = {isa = PBXBuildFile; fileRef = 1F4F30FE2BE1C98A00DEBF66 /* ToDoListUITests.swift */; };
		1F4F31012BE1C98A00DEBF66 /* ToDoListUITestsLaunchTests.swift in Sources */ = {isa = PBXBuildFile; fileRef = 1F4F31002BE1C98A00DEBF66 /* ToDoListUITestsLaunchTests.swift */; };
		1F4F310F2BE1CBCC00DEBF66 /* FirebaseAuth in Frameworks */ = {isa = PBXBuildFile; productRef = 1F4F310E2BE1CBCC00DEBF66 /* FirebaseAuth */; };
		1F4F31112BE1CBCC00DEBF66 /* FirebaseFirestore in Frameworks */ = {isa = PBXBuildFile; productRef = 1F4F31102BE1CBCC00DEBF66 /* FirebaseFirestore */; };
		1F4F31132BE1CBCC00DEBF66 /* FirebaseFirestoreSwift in Frameworks */ = {isa = PBXBuildFile; productRef = 1F4F31122BE1CBCC00DEBF66 /* FirebaseFirestoreSwift */; };
		1F4F31172BE1CEED00DEBF66 /* GoogleService-Info.plist in Resources */ = {isa = PBXBuildFile; fileRef = 1F4F31162BE1CEED00DEBF66 /* GoogleService-Info.plist */; };
		1F4F311D2BE1EDC700DEBF66 /* ProfileView.swift in Sources */ = {isa = PBXBuildFile; fileRef = 1F4F311C2BE1EDC700DEBF66 /* ProfileView.swift */; };
		1F4F311F2BE5D43800DEBF66 /* TodoListView.swift in Sources */ = {isa = PBXBuildFile; fileRef = 1F4F311E2BE5D43800DEBF66 /* TodoListView.swift */; };
		1F4F31212BE5D45200DEBF66 /* NewItemView.swift in Sources */ = {isa = PBXBuildFile; fileRef = 1F4F31202BE5D45200DEBF66 /* NewItemView.swift */; };
		1F4F31232BE5D46B00DEBF66 /* LoginView.swift in Sources */ = {isa = PBXBuildFile; fileRef = 1F4F31222BE5D46B00DEBF66 /* LoginView.swift */; };
		1F4F31252BE5D48300DEBF66 /* RegistrationView.swift in Sources */ = {isa = PBXBuildFile; fileRef = 1F4F31242BE5D48300DEBF66 /* RegistrationView.swift */; };
		1F4F31272BE5D4C300DEBF66 /* TodoListItemView.swift in Sources */ = {isa = PBXBuildFile; fileRef = 1F4F31262BE5D4C300DEBF66 /* TodoListItemView.swift */; };
		1F4F312B2BE5D5E800DEBF66 /* TodoListItem.swift in Sources */ = {isa = PBXBuildFile; fileRef = 1F4F312A2BE5D5E800DEBF66 /* TodoListItem.swift */; };
		1F4F312D2BE5D62000DEBF66 /* MainViewVM.swift in Sources */ = {isa = PBXBuildFile; fileRef = 1F4F312C2BE5D62000DEBF66 /* MainViewVM.swift */; };
		1F4F312F2BE5D63500DEBF66 /* ProfileViewVM.swift in Sources */ = {isa = PBXBuildFile; fileRef = 1F4F312E2BE5D63500DEBF66 /* ProfileViewVM.swift */; };
		1F4F31312BE5D64400DEBF66 /* TodoListViewVM.swift in Sources */ = {isa = PBXBuildFile; fileRef = 1F4F31302BE5D64400DEBF66 /* TodoListViewVM.swift */; };
		1F4F31332BE5D65B00DEBF66 /* NewItemViewVM.swift in Sources */ = {isa = PBXBuildFile; fileRef = 1F4F31322BE5D65B00DEBF66 /* NewItemViewVM.swift */; };
		1F4F31352BE5D66B00DEBF66 /* LoginViewVM.swift in Sources */ = {isa = PBXBuildFile; fileRef = 1F4F31342BE5D66B00DEBF66 /* LoginViewVM.swift */; };
		1F4F31372BE5D67A00DEBF66 /* RegistrationViewVM.swift in Sources */ = {isa = PBXBuildFile; fileRef = 1F4F31362BE5D67A00DEBF66 /* RegistrationViewVM.swift */; };
		1F4F31392BE5D69600DEBF66 /* TodoListItemViewVM.swift in Sources */ = {isa = PBXBuildFile; fileRef = 1F4F31382BE5D69600DEBF66 /* TodoListItemViewVM.swift */; };
/* End PBXBuildFile section */

/* Begin PBXContainerItemProxy section */
		1F4F30F12BE1C98A00DEBF66 /* PBXContainerItemProxy */ = {
			isa = PBXContainerItemProxy;
			containerPortal = 1F4F30D82BE1C98600DEBF66 /* Project object */;
			proxyType = 1;
			remoteGlobalIDString = 1F4F30DF2BE1C98600DEBF66;
			remoteInfo = ToDoList;
		};
		1F4F30FB2BE1C98A00DEBF66 /* PBXContainerItemProxy */ = {
			isa = PBXContainerItemProxy;
			containerPortal = 1F4F30D82BE1C98600DEBF66 /* Project object */;
			proxyType = 1;
			remoteGlobalIDString = 1F4F30DF2BE1C98600DEBF66;
			remoteInfo = ToDoList;
		};
/* End PBXContainerItemProxy section */

/* Begin PBXFileReference section */
		1F079B962BE5E978004C3860 /* HeaderView.swift */ = {isa = PBXFileReference; lastKnownFileType = sourcecode.swift; path = HeaderView.swift; sourceTree = "<group>"; };
		1F079B982BE7B8B1004C3860 /* TextButton.swift */ = {isa = PBXFileReference; lastKnownFileType = sourcecode.swift; path = TextButton.swift; sourceTree = "<group>"; };
		1F079BA32BEF2D33004C3860 /* User.swift */ = {isa = PBXFileReference; lastKnownFileType = sourcecode.swift; path = User.swift; sourceTree = "<group>"; };
		1F079BA52BEF2F0B004C3860 /* Extensions.swift */ = {isa = PBXFileReference; lastKnownFileType = sourcecode.swift; path = Extensions.swift; sourceTree = "<group>"; };
		1F4F30E02BE1C98600DEBF66 /* ToDoList.app */ = {isa = PBXFileReference; explicitFileType = wrapper.application; includeInIndex = 0; path = ToDoList.app; sourceTree = BUILT_PRODUCTS_DIR; };
		1F4F30E32BE1C98600DEBF66 /* ToDoListApp.swift */ = {isa = PBXFileReference; lastKnownFileType = sourcecode.swift; path = ToDoListApp.swift; sourceTree = "<group>"; };
		1F4F30E52BE1C98600DEBF66 /* MainView.swift */ = {isa = PBXFileReference; lastKnownFileType = sourcecode.swift; path = MainView.swift; sourceTree = "<group>"; };
		1F4F30E72BE1C98A00DEBF66 /* Assets.xcassets */ = {isa = PBXFileReference; lastKnownFileType = folder.assetcatalog; path = Assets.xcassets; sourceTree = "<group>"; };
		1F4F30EA2BE1C98A00DEBF66 /* Preview Assets.xcassets */ = {isa = PBXFileReference; lastKnownFileType = folder.assetcatalog; path = "Preview Assets.xcassets"; sourceTree = "<group>"; };
		1F4F30F02BE1C98A00DEBF66 /* ToDoListTests.xctest */ = {isa = PBXFileReference; explicitFileType = wrapper.cfbundle; includeInIndex = 0; path = ToDoListTests.xctest; sourceTree = BUILT_PRODUCTS_DIR; };
		1F4F30F42BE1C98A00DEBF66 /* ToDoListTests.swift */ = {isa = PBXFileReference; lastKnownFileType = sourcecode.swift; path = ToDoListTests.swift; sourceTree = "<group>"; };
		1F4F30FA2BE1C98A00DEBF66 /* ToDoListUITests.xctest */ = {isa = PBXFileReference; explicitFileType = wrapper.cfbundle; includeInIndex = 0; path = ToDoListUITests.xctest; sourceTree = BUILT_PRODUCTS_DIR; };
		1F4F30FE2BE1C98A00DEBF66 /* ToDoListUITests.swift */ = {isa = PBXFileReference; lastKnownFileType = sourcecode.swift; path = ToDoListUITests.swift; sourceTree = "<group>"; };
		1F4F31002BE1C98A00DEBF66 /* ToDoListUITestsLaunchTests.swift */ = {isa = PBXFileReference; lastKnownFileType = sourcecode.swift; path = ToDoListUITestsLaunchTests.swift; sourceTree = "<group>"; };
		1F4F31162BE1CEED00DEBF66 /* GoogleService-Info.plist */ = {isa = PBXFileReference; fileEncoding = 4; lastKnownFileType = text.plist.xml; path = "GoogleService-Info.plist"; sourceTree = "<group>"; };
		1F4F311C2BE1EDC700DEBF66 /* ProfileView.swift */ = {isa = PBXFileReference; lastKnownFileType = sourcecode.swift; path = ProfileView.swift; sourceTree = "<group>"; };
		1F4F311E2BE5D43800DEBF66 /* TodoListView.swift */ = {isa = PBXFileReference; lastKnownFileType = sourcecode.swift; path = TodoListView.swift; sourceTree = "<group>"; };
		1F4F31202BE5D45200DEBF66 /* NewItemView.swift */ = {isa = PBXFileReference; lastKnownFileType = sourcecode.swift; path = NewItemView.swift; sourceTree = "<group>"; };
		1F4F31222BE5D46B00DEBF66 /* LoginView.swift */ = {isa = PBXFileReference; lastKnownFileType = sourcecode.swift; path = LoginView.swift; sourceTree = "<group>"; };
		1F4F31242BE5D48300DEBF66 /* RegistrationView.swift */ = {isa = PBXFileReference; lastKnownFileType = sourcecode.swift; path = RegistrationView.swift; sourceTree = "<group>"; };
		1F4F31262BE5D4C300DEBF66 /* TodoListItemView.swift */ = {isa = PBXFileReference; lastKnownFileType = sourcecode.swift; path = TodoListItemView.swift; sourceTree = "<group>"; };
		1F4F312A2BE5D5E800DEBF66 /* TodoListItem.swift */ = {isa = PBXFileReference; lastKnownFileType = sourcecode.swift; path = TodoListItem.swift; sourceTree = "<group>"; };
		1F4F312C2BE5D62000DEBF66 /* MainViewVM.swift */ = {isa = PBXFileReference; lastKnownFileType = sourcecode.swift; path = MainViewVM.swift; sourceTree = "<group>"; };
		1F4F312E2BE5D63500DEBF66 /* ProfileViewVM.swift */ = {isa = PBXFileReference; lastKnownFileType = sourcecode.swift; path = ProfileViewVM.swift; sourceTree = "<group>"; };
		1F4F31302BE5D64400DEBF66 /* TodoListViewVM.swift */ = {isa = PBXFileReference; lastKnownFileType = sourcecode.swift; path = TodoListViewVM.swift; sourceTree = "<group>"; };
		1F4F31322BE5D65B00DEBF66 /* NewItemViewVM.swift */ = {isa = PBXFileReference; lastKnownFileType = sourcecode.swift; path = NewItemViewVM.swift; sourceTree = "<group>"; };
		1F4F31342BE5D66B00DEBF66 /* LoginViewVM.swift */ = {isa = PBXFileReference; lastKnownFileType = sourcecode.swift; path = LoginViewVM.swift; sourceTree = "<group>"; };
		1F4F31362BE5D67A00DEBF66 /* RegistrationViewVM.swift */ = {isa = PBXFileReference; lastKnownFileType = sourcecode.swift; path = RegistrationViewVM.swift; sourceTree = "<group>"; };
		1F4F31382BE5D69600DEBF66 /* TodoListItemViewVM.swift */ = {isa = PBXFileReference; lastKnownFileType = sourcecode.swift; path = TodoListItemViewVM.swift; sourceTree = "<group>"; };
/* End PBXFileReference section */

/* Begin PBXFrameworksBuildPhase section */
		1F4F30DD2BE1C98600DEBF66 /* Frameworks */ = {
			isa = PBXFrameworksBuildPhase;
			buildActionMask = 2147483647;
			files = (
				1F4F310F2BE1CBCC00DEBF66 /* FirebaseAuth in Frameworks */,
				1F4F31112BE1CBCC00DEBF66 /* FirebaseFirestore in Frameworks */,
				1F4F31132BE1CBCC00DEBF66 /* FirebaseFirestoreSwift in Frameworks */,
			);
			runOnlyForDeploymentPostprocessing = 0;
		};
		1F4F30ED2BE1C98A00DEBF66 /* Frameworks */ = {
			isa = PBXFrameworksBuildPhase;
			buildActionMask = 2147483647;
			files = (
			);
			runOnlyForDeploymentPostprocessing = 0;
		};
		1F4F30F72BE1C98A00DEBF66 /* Frameworks */ = {
			isa = PBXFrameworksBuildPhase;
			buildActionMask = 2147483647;
			files = (
			);
			runOnlyForDeploymentPostprocessing = 0;
		};
/* End PBXFrameworksBuildPhase section */

/* Begin PBXGroup section */
		1F079B9A2BEBBA82004C3860 /* Code */ = {
			isa = PBXGroup;
			children = (
				1F079B9B2BEBBA96004C3860 /* Features */,
			);
			path = Code;
			sourceTree = "<group>";
		};
		1F079B9B2BEBBA96004C3860 /* Features */ = {
			isa = PBXGroup;
			children = (
				1F079B9F2BEBBFEB004C3860 /* Register */,
				1F079B9C2BEBBAB2004C3860 /* Login */,
			);
			path = Features;
			sourceTree = "<group>";
		};
		1F079B9C2BEBBAB2004C3860 /* Login */ = {
			isa = PBXGroup;
			children = (
				1F4F31182BE1CF7400DEBF66 /* Views */,
				1F4F31192BE1CF7F00DEBF66 /* ViewModels */,
				1F4F311A2BE1CF9A00DEBF66 /* Models */,
			);
			path = Login;
			sourceTree = "<group>";
		};
		1F079B9F2BEBBFEB004C3860 /* Register */ = {
			isa = PBXGroup;
			children = (
				1F079BA22BEBC00C004C3860 /* Models */,
				1F079BA12BEBBFFD004C3860 /* ViewModels */,
				1F079BA02BEBBFF5004C3860 /* Views */,
			);
			path = Register;
			sourceTree = "<group>";
		};
		1F079BA02BEBBFF5004C3860 /* Views */ = {
			isa = PBXGroup;
			children = (
				1F4F31242BE5D48300DEBF66 /* RegistrationView.swift */,
			);
			path = Views;
			sourceTree = "<group>";
		};
		1F079BA12BEBBFFD004C3860 /* ViewModels */ = {
			isa = PBXGroup;
			children = (
				1F4F31362BE5D67A00DEBF66 /* RegistrationViewVM.swift */,
			);
			path = ViewModels;
			sourceTree = "<group>";
		};
		1F079BA22BEBC00C004C3860 /* Models */ = {
			isa = PBXGroup;
			children = (
				1F079BA32BEF2D33004C3860 /* User.swift */,
			);
			path = Models;
			sourceTree = "<group>";
		};
		1F4F30D72BE1C98600DEBF66 = {
			isa = PBXGroup;
			children = (
				1F4F30E22BE1C98600DEBF66 /* ToDoList */,
				1F4F30F32BE1C98A00DEBF66 /* ToDoListTests */,
				1F4F30FD2BE1C98A00DEBF66 /* ToDoListUITests */,
				1F4F30E12BE1C98600DEBF66 /* Products */,
			);
			sourceTree = "<group>";
		};
		1F4F30E12BE1C98600DEBF66 /* Products */ = {
			isa = PBXGroup;
			children = (
				1F4F30E02BE1C98600DEBF66 /* ToDoList.app */,
				1F4F30F02BE1C98A00DEBF66 /* ToDoListTests.xctest */,
				1F4F30FA2BE1C98A00DEBF66 /* ToDoListUITests.xctest */,
			);
			name = Products;
			sourceTree = "<group>";
		};
		1F4F30E22BE1C98600DEBF66 /* ToDoList */ = {
			isa = PBXGroup;
			children = (
				1F079B9A2BEBBA82004C3860 /* Code */,
				1F4F311B2BE1CFAE00DEBF66 /* Other */,
				1F4F30E92BE1C98A00DEBF66 /* Preview Content */,
			);
			path = ToDoList;
			sourceTree = "<group>";
		};
		1F4F30E92BE1C98A00DEBF66 /* Preview Content */ = {
			isa = PBXGroup;
			children = (
				1F4F30EA2BE1C98A00DEBF66 /* Preview Assets.xcassets */,
			);
			path = "Preview Content";
			sourceTree = "<group>";
		};
		1F4F30F32BE1C98A00DEBF66 /* ToDoListTests */ = {
			isa = PBXGroup;
			children = (
				1F4F30F42BE1C98A00DEBF66 /* ToDoListTests.swift */,
			);
			path = ToDoListTests;
			sourceTree = "<group>";
		};
		1F4F30FD2BE1C98A00DEBF66 /* ToDoListUITests */ = {
			isa = PBXGroup;
			children = (
				1F4F30FE2BE1C98A00DEBF66 /* ToDoListUITests.swift */,
				1F4F31002BE1C98A00DEBF66 /* ToDoListUITestsLaunchTests.swift */,
			);
			path = ToDoListUITests;
			sourceTree = "<group>";
		};
		1F4F31182BE1CF7400DEBF66 /* Views */ = {
			isa = PBXGroup;
			children = (
				1F4F30E52BE1C98600DEBF66 /* MainView.swift */,
				1F4F311C2BE1EDC700DEBF66 /* ProfileView.swift */,
				1F4F311E2BE5D43800DEBF66 /* TodoListView.swift */,
				1F4F31202BE5D45200DEBF66 /* NewItemView.swift */,
				1F4F31222BE5D46B00DEBF66 /* LoginView.swift */,
				1F4F31262BE5D4C300DEBF66 /* TodoListItemView.swift */,
				1F079B962BE5E978004C3860 /* HeaderView.swift */,
				1F079B982BE7B8B1004C3860 /* TextButton.swift */,
			);
			path = Views;
			sourceTree = "<group>";
		};
		1F4F31192BE1CF7F00DEBF66 /* ViewModels */ = {
			isa = PBXGroup;
			children = (
				1F4F312C2BE5D62000DEBF66 /* MainViewVM.swift */,
				1F4F312E2BE5D63500DEBF66 /* ProfileViewVM.swift */,
				1F4F31302BE5D64400DEBF66 /* TodoListViewVM.swift */,
				1F4F31322BE5D65B00DEBF66 /* NewItemViewVM.swift */,
				1F4F31342BE5D66B00DEBF66 /* LoginViewVM.swift */,
				1F4F31382BE5D69600DEBF66 /* TodoListItemViewVM.swift */,
			);
			path = ViewModels;
			sourceTree = "<group>";
		};
		1F4F311A2BE1CF9A00DEBF66 /* Models */ = {
			isa = PBXGroup;
			children = (
				1F4F312A2BE5D5E800DEBF66 /* TodoListItem.swift */,
			);
			path = Models;
			sourceTree = "<group>";
		};
		1F4F311B2BE1CFAE00DEBF66 /* Other */ = {
			isa = PBXGroup;
			children = (
				1F4F30E72BE1C98A00DEBF66 /* Assets.xcassets */,
				1F4F30E32BE1C98600DEBF66 /* ToDoListApp.swift */,
				1F4F31162BE1CEED00DEBF66 /* GoogleService-Info.plist */,
				1F079BA52BEF2F0B004C3860 /* Extensions.swift */,
			);
			path = Other;
			sourceTree = "<group>";
		};
/* End PBXGroup section */

/* Begin PBXNativeTarget section */
		1F4F30DF2BE1C98600DEBF66 /* ToDoList */ = {
			isa = PBXNativeTarget;
			buildConfigurationList = 1F4F31042BE1C98A00DEBF66 /* Build configuration list for PBXNativeTarget "ToDoList" */;
			buildPhases = (
				1F4F30DC2BE1C98600DEBF66 /* Sources */,
				1F4F30DD2BE1C98600DEBF66 /* Frameworks */,
				1F4F30DE2BE1C98600DEBF66 /* Resources */,
			);
			buildRules = (
			);
			dependencies = (
			);
			name = ToDoList;
			packageProductDependencies = (
				1F4F310E2BE1CBCC00DEBF66 /* FirebaseAuth */,
				1F4F31102BE1CBCC00DEBF66 /* FirebaseFirestore */,
				1F4F31122BE1CBCC00DEBF66 /* FirebaseFirestoreSwift */,
			);
			productName = ToDoList;
			productReference = 1F4F30E02BE1C98600DEBF66 /* ToDoList.app */;
			productType = "com.apple.product-type.application";
		};
		1F4F30EF2BE1C98A00DEBF66 /* ToDoListTests */ = {
			isa = PBXNativeTarget;
			buildConfigurationList = 1F4F31072BE1C98A00DEBF66 /* Build configuration list for PBXNativeTarget "ToDoListTests" */;
			buildPhases = (
				1F4F30EC2BE1C98A00DEBF66 /* Sources */,
				1F4F30ED2BE1C98A00DEBF66 /* Frameworks */,
				1F4F30EE2BE1C98A00DEBF66 /* Resources */,
			);
			buildRules = (
			);
			dependencies = (
				1F4F30F22BE1C98A00DEBF66 /* PBXTargetDependency */,
			);
			name = ToDoListTests;
			productName = ToDoListTests;
			productReference = 1F4F30F02BE1C98A00DEBF66 /* ToDoListTests.xctest */;
			productType = "com.apple.product-type.bundle.unit-test";
		};
		1F4F30F92BE1C98A00DEBF66 /* ToDoListUITests */ = {
			isa = PBXNativeTarget;
			buildConfigurationList = 1F4F310A2BE1C98A00DEBF66 /* Build configuration list for PBXNativeTarget "ToDoListUITests" */;
			buildPhases = (
				1F4F30F62BE1C98A00DEBF66 /* Sources */,
				1F4F30F72BE1C98A00DEBF66 /* Frameworks */,
				1F4F30F82BE1C98A00DEBF66 /* Resources */,
			);
			buildRules = (
			);
			dependencies = (
				1F4F30FC2BE1C98A00DEBF66 /* PBXTargetDependency */,
			);
			name = ToDoListUITests;
			productName = ToDoListUITests;
			productReference = 1F4F30FA2BE1C98A00DEBF66 /* ToDoListUITests.xctest */;
			productType = "com.apple.product-type.bundle.ui-testing";
		};
/* End PBXNativeTarget section */

/* Begin PBXProject section */
		1F4F30D82BE1C98600DEBF66 /* Project object */ = {
			isa = PBXProject;
			attributes = {
				BuildIndependentTargetsInParallel = 1;
				LastSwiftUpdateCheck = 1520;
				LastUpgradeCheck = 1520;
				TargetAttributes = {
					1F4F30DF2BE1C98600DEBF66 = {
						CreatedOnToolsVersion = 15.2;
					};
					1F4F30EF2BE1C98A00DEBF66 = {
						CreatedOnToolsVersion = 15.2;
						TestTargetID = 1F4F30DF2BE1C98600DEBF66;
					};
					1F4F30F92BE1C98A00DEBF66 = {
						CreatedOnToolsVersion = 15.2;
						TestTargetID = 1F4F30DF2BE1C98600DEBF66;
					};
				};
			};
			buildConfigurationList = 1F4F30DB2BE1C98600DEBF66 /* Build configuration list for PBXProject "ToDoList" */;
			compatibilityVersion = "Xcode 14.0";
			developmentRegion = en;
			hasScannedForEncodings = 0;
			knownRegions = (
				en,
				Base,
			);
			mainGroup = 1F4F30D72BE1C98600DEBF66;
			packageReferences = (
				1F4F310D2BE1CBCC00DEBF66 /* XCRemoteSwiftPackageReference "firebase-ios-sdk" */,
			);
			productRefGroup = 1F4F30E12BE1C98600DEBF66 /* Products */;
			projectDirPath = "";
			projectRoot = "";
			targets = (
				1F4F30DF2BE1C98600DEBF66 /* ToDoList */,
				1F4F30EF2BE1C98A00DEBF66 /* ToDoListTests */,
				1F4F30F92BE1C98A00DEBF66 /* ToDoListUITests */,
			);
		};
/* End PBXProject section */

/* Begin PBXResourcesBuildPhase section */
		1F4F30DE2BE1C98600DEBF66 /* Resources */ = {
			isa = PBXResourcesBuildPhase;
			buildActionMask = 2147483647;
			files = (
				1F4F30EB2BE1C98A00DEBF66 /* Preview Assets.xcassets in Resources */,
				1F4F30E82BE1C98A00DEBF66 /* Assets.xcassets in Resources */,
				1F4F31172BE1CEED00DEBF66 /* GoogleService-Info.plist in Resources */,
			);
			runOnlyForDeploymentPostprocessing = 0;
		};
		1F4F30EE2BE1C98A00DEBF66 /* Resources */ = {
			isa = PBXResourcesBuildPhase;
			buildActionMask = 2147483647;
			files = (
			);
			runOnlyForDeploymentPostprocessing = 0;
		};
		1F4F30F82BE1C98A00DEBF66 /* Resources */ = {
			isa = PBXResourcesBuildPhase;
			buildActionMask = 2147483647;
			files = (
			);
			runOnlyForDeploymentPostprocessing = 0;
		};
/* End PBXResourcesBuildPhase section */

/* Begin PBXSourcesBuildPhase section */
		1F4F30DC2BE1C98600DEBF66 /* Sources */ = {
			isa = PBXSourcesBuildPhase;
			buildActionMask = 2147483647;
			files = (
				1F4F312B2BE5D5E800DEBF66 /* TodoListItem.swift in Sources */,
				1F079B972BE5E978004C3860 /* HeaderView.swift in Sources */,
				1F4F31232BE5D46B00DEBF66 /* LoginView.swift in Sources */,
				1F4F30E62BE1C98600DEBF66 /* MainView.swift in Sources */,
				1F4F312D2BE5D62000DEBF66 /* MainViewVM.swift in Sources */,
				1F079B992BE7B8B1004C3860 /* TextButton.swift in Sources */,
				1F4F311F2BE5D43800DEBF66 /* TodoListView.swift in Sources */,
				1F4F312F2BE5D63500DEBF66 /* ProfileViewVM.swift in Sources */,
				1F079BA42BEF2D33004C3860 /* User.swift in Sources */,
				1F4F31252BE5D48300DEBF66 /* RegistrationView.swift in Sources */,
				1F4F311D2BE1EDC700DEBF66 /* ProfileView.swift in Sources */,
				1F4F31392BE5D69600DEBF66 /* TodoListItemViewVM.swift in Sources */,
				1F079BA62BEF2F0B004C3860 /* Extensions.swift in Sources */,
				1F4F31352BE5D66B00DEBF66 /* LoginViewVM.swift in Sources */,
				1F4F31272BE5D4C300DEBF66 /* TodoListItemView.swift in Sources */,
				1F4F31312BE5D64400DEBF66 /* TodoListViewVM.swift in Sources */,
				1F4F31372BE5D67A00DEBF66 /* RegistrationViewVM.swift in Sources */,
				1F4F31332BE5D65B00DEBF66 /* NewItemViewVM.swift in Sources */,
				1F4F30E42BE1C98600DEBF66 /* ToDoListApp.swift in Sources */,
				1F4F31212BE5D45200DEBF66 /* NewItemView.swift in Sources */,
			);
			runOnlyForDeploymentPostprocessing = 0;
		};
		1F4F30EC2BE1C98A00DEBF66 /* Sources */ = {
			isa = PBXSourcesBuildPhase;
			buildActionMask = 2147483647;
			files = (
				1F4F30F52BE1C98A00DEBF66 /* ToDoListTests.swift in Sources */,
			);
			runOnlyForDeploymentPostprocessing = 0;
		};
		1F4F30F62BE1C98A00DEBF66 /* Sources */ = {
			isa = PBXSourcesBuildPhase;
			buildActionMask = 2147483647;
			files = (
				1F4F31012BE1C98A00DEBF66 /* ToDoListUITestsLaunchTests.swift in Sources */,
				1F4F30FF2BE1C98A00DEBF66 /* ToDoListUITests.swift in Sources */,
			);
			runOnlyForDeploymentPostprocessing = 0;
		};
/* End PBXSourcesBuildPhase section */

/* Begin PBXTargetDependency section */
		1F4F30F22BE1C98A00DEBF66 /* PBXTargetDependency */ = {
			isa = PBXTargetDependency;
			target = 1F4F30DF2BE1C98600DEBF66 /* ToDoList */;
			targetProxy = 1F4F30F12BE1C98A00DEBF66 /* PBXContainerItemProxy */;
		};
		1F4F30FC2BE1C98A00DEBF66 /* PBXTargetDependency */ = {
			isa = PBXTargetDependency;
			target = 1F4F30DF2BE1C98600DEBF66 /* ToDoList */;
			targetProxy = 1F4F30FB2BE1C98A00DEBF66 /* PBXContainerItemProxy */;
		};
/* End PBXTargetDependency section */

/* Begin XCBuildConfiguration section */
		1F4F31022BE1C98A00DEBF66 /* Debug */ = {
			isa = XCBuildConfiguration;
			buildSettings = {
				ALWAYS_SEARCH_USER_PATHS = NO;
				ASSETCATALOG_COMPILER_GENERATE_SWIFT_ASSET_SYMBOL_EXTENSIONS = YES;
				CLANG_ANALYZER_NONNULL = YES;
				CLANG_ANALYZER_NUMBER_OBJECT_CONVERSION = YES_AGGRESSIVE;
				CLANG_CXX_LANGUAGE_STANDARD = "gnu++20";
				CLANG_ENABLE_MODULES = YES;
				CLANG_ENABLE_OBJC_ARC = YES;
				CLANG_ENABLE_OBJC_WEAK = YES;
				CLANG_WARN_BLOCK_CAPTURE_AUTORELEASING = YES;
				CLANG_WARN_BOOL_CONVERSION = YES;
				CLANG_WARN_COMMA = YES;
				CLANG_WARN_CONSTANT_CONVERSION = YES;
				CLANG_WARN_DEPRECATED_OBJC_IMPLEMENTATIONS = YES;
				CLANG_WARN_DIRECT_OBJC_ISA_USAGE = YES_ERROR;
				CLANG_WARN_DOCUMENTATION_COMMENTS = YES;
				CLANG_WARN_EMPTY_BODY = YES;
				CLANG_WARN_ENUM_CONVERSION = YES;
				CLANG_WARN_INFINITE_RECURSION = YES;
				CLANG_WARN_INT_CONVERSION = YES;
				CLANG_WARN_NON_LITERAL_NULL_CONVERSION = YES;
				CLANG_WARN_OBJC_IMPLICIT_RETAIN_SELF = YES;
				CLANG_WARN_OBJC_LITERAL_CONVERSION = YES;
				CLANG_WARN_OBJC_ROOT_CLASS = YES_ERROR;
				CLANG_WARN_QUOTED_INCLUDE_IN_FRAMEWORK_HEADER = YES;
				CLANG_WARN_RANGE_LOOP_ANALYSIS = YES;
				CLANG_WARN_STRICT_PROTOTYPES = YES;
				CLANG_WARN_SUSPICIOUS_MOVE = YES;
				CLANG_WARN_UNGUARDED_AVAILABILITY = YES_AGGRESSIVE;
				CLANG_WARN_UNREACHABLE_CODE = YES;
				CLANG_WARN__DUPLICATE_METHOD_MATCH = YES;
				COPY_PHASE_STRIP = NO;
				DEBUG_INFORMATION_FORMAT = dwarf;
				ENABLE_STRICT_OBJC_MSGSEND = YES;
				ENABLE_TESTABILITY = YES;
				ENABLE_USER_SCRIPT_SANDBOXING = YES;
				GCC_C_LANGUAGE_STANDARD = gnu17;
				GCC_DYNAMIC_NO_PIC = NO;
				GCC_NO_COMMON_BLOCKS = YES;
				GCC_OPTIMIZATION_LEVEL = 0;
				GCC_PREPROCESSOR_DEFINITIONS = (
					"DEBUG=1",
					"$(inherited)",
				);
				GCC_WARN_64_TO_32_BIT_CONVERSION = YES;
				GCC_WARN_ABOUT_RETURN_TYPE = YES_ERROR;
				GCC_WARN_UNDECLARED_SELECTOR = YES;
				GCC_WARN_UNINITIALIZED_AUTOS = YES_AGGRESSIVE;
				GCC_WARN_UNUSED_FUNCTION = YES;
				GCC_WARN_UNUSED_VARIABLE = YES;
				IPHONEOS_DEPLOYMENT_TARGET = 17.2;
				LOCALIZATION_PREFERS_STRING_CATALOGS = YES;
				MTL_ENABLE_DEBUG_INFO = INCLUDE_SOURCE;
				MTL_FAST_MATH = YES;
				ONLY_ACTIVE_ARCH = YES;
				SDKROOT = iphoneos;
				SWIFT_ACTIVE_COMPILATION_CONDITIONS = "DEBUG $(inherited)";
				SWIFT_OPTIMIZATION_LEVEL = "-Onone";
			};
			name = Debug;
		};
		1F4F31032BE1C98A00DEBF66 /* Release */ = {
			isa = XCBuildConfiguration;
			buildSettings = {
				ALWAYS_SEARCH_USER_PATHS = NO;
				ASSETCATALOG_COMPILER_GENERATE_SWIFT_ASSET_SYMBOL_EXTENSIONS = YES;
				CLANG_ANALYZER_NONNULL = YES;
				CLANG_ANALYZER_NUMBER_OBJECT_CONVERSION = YES_AGGRESSIVE;
				CLANG_CXX_LANGUAGE_STANDARD = "gnu++20";
				CLANG_ENABLE_MODULES = YES;
				CLANG_ENABLE_OBJC_ARC = YES;
				CLANG_ENABLE_OBJC_WEAK = YES;
				CLANG_WARN_BLOCK_CAPTURE_AUTORELEASING = YES;
				CLANG_WARN_BOOL_CONVERSION = YES;
				CLANG_WARN_COMMA = YES;
				CLANG_WARN_CONSTANT_CONVERSION = YES;
				CLANG_WARN_DEPRECATED_OBJC_IMPLEMENTATIONS = YES;
				CLANG_WARN_DIRECT_OBJC_ISA_USAGE = YES_ERROR;
				CLANG_WARN_DOCUMENTATION_COMMENTS = YES;
				CLANG_WARN_EMPTY_BODY = YES;
				CLANG_WARN_ENUM_CONVERSION = YES;
				CLANG_WARN_INFINITE_RECURSION = YES;
				CLANG_WARN_INT_CONVERSION = YES;
				CLANG_WARN_NON_LITERAL_NULL_CONVERSION = YES;
				CLANG_WARN_OBJC_IMPLICIT_RETAIN_SELF = YES;
				CLANG_WARN_OBJC_LITERAL_CONVERSION = YES;
				CLANG_WARN_OBJC_ROOT_CLASS = YES_ERROR;
				CLANG_WARN_QUOTED_INCLUDE_IN_FRAMEWORK_HEADER = YES;
				CLANG_WARN_RANGE_LOOP_ANALYSIS = YES;
				CLANG_WARN_STRICT_PROTOTYPES = YES;
				CLANG_WARN_SUSPICIOUS_MOVE = YES;
				CLANG_WARN_UNGUARDED_AVAILABILITY = YES_AGGRESSIVE;
				CLANG_WARN_UNREACHABLE_CODE = YES;
				CLANG_WARN__DUPLICATE_METHOD_MATCH = YES;
				COPY_PHASE_STRIP = NO;
				DEBUG_INFORMATION_FORMAT = "dwarf-with-dsym";
				ENABLE_NS_ASSERTIONS = NO;
				ENABLE_STRICT_OBJC_MSGSEND = YES;
				ENABLE_USER_SCRIPT_SANDBOXING = YES;
				GCC_C_LANGUAGE_STANDARD = gnu17;
				GCC_NO_COMMON_BLOCKS = YES;
				GCC_WARN_64_TO_32_BIT_CONVERSION = YES;
				GCC_WARN_ABOUT_RETURN_TYPE = YES_ERROR;
				GCC_WARN_UNDECLARED_SELECTOR = YES;
				GCC_WARN_UNINITIALIZED_AUTOS = YES_AGGRESSIVE;
				GCC_WARN_UNUSED_FUNCTION = YES;
				GCC_WARN_UNUSED_VARIABLE = YES;
				IPHONEOS_DEPLOYMENT_TARGET = 17.2;
				LOCALIZATION_PREFERS_STRING_CATALOGS = YES;
				MTL_ENABLE_DEBUG_INFO = NO;
				MTL_FAST_MATH = YES;
				SDKROOT = iphoneos;
				SWIFT_COMPILATION_MODE = wholemodule;
				VALIDATE_PRODUCT = YES;
			};
			name = Release;
		};
		1F4F31052BE1C98A00DEBF66 /* Debug */ = {
			isa = XCBuildConfiguration;
			buildSettings = {
				ASSETCATALOG_COMPILER_APPICON_NAME = AppIcon;
				ASSETCATALOG_COMPILER_GLOBAL_ACCENT_COLOR_NAME = AccentColor;
				CODE_SIGN_STYLE = Automatic;
				CURRENT_PROJECT_VERSION = 1;
				DEVELOPMENT_ASSET_PATHS = "\"ToDoList/Preview Content\"";
				ENABLE_PREVIEWS = YES;
				GENERATE_INFOPLIST_FILE = YES;
				INFOPLIST_KEY_CFBundleDisplayName = "To Do List";
				INFOPLIST_KEY_UIApplicationSceneManifest_Generation = YES;
				INFOPLIST_KEY_UIApplicationSupportsIndirectInputEvents = YES;
				INFOPLIST_KEY_UILaunchScreen_Generation = YES;
				INFOPLIST_KEY_UISupportedInterfaceOrientations = UIInterfaceOrientationPortrait;
				LD_RUNPATH_SEARCH_PATHS = (
					"$(inherited)",
					"@executable_path/Frameworks",
				);
				MARKETING_VERSION = 1.0;
				PRODUCT_BUNDLE_IDENTIFIER = co.ricoapps.ToDoList;
				PRODUCT_NAME = "$(TARGET_NAME)";
				SWIFT_EMIT_LOC_STRINGS = YES;
				SWIFT_VERSION = 5.0;
				TARGETED_DEVICE_FAMILY = "1,2";
			};
			name = Debug;
		};
		1F4F31062BE1C98A00DEBF66 /* Release */ = {
			isa = XCBuildConfiguration;
			buildSettings = {
				ASSETCATALOG_COMPILER_APPICON_NAME = AppIcon;
				ASSETCATALOG_COMPILER_GLOBAL_ACCENT_COLOR_NAME = AccentColor;
				CODE_SIGN_STYLE = Automatic;
				CURRENT_PROJECT_VERSION = 1;
				DEVELOPMENT_ASSET_PATHS = "\"ToDoList/Preview Content\"";
				ENABLE_PREVIEWS = YES;
				GENERATE_INFOPLIST_FILE = YES;
				INFOPLIST_KEY_CFBundleDisplayName = "To Do List";
				INFOPLIST_KEY_UIApplicationSceneManifest_Generation = YES;
				INFOPLIST_KEY_UIApplicationSupportsIndirectInputEvents = YES;
				INFOPLIST_KEY_UILaunchScreen_Generation = YES;
				INFOPLIST_KEY_UISupportedInterfaceOrientations = UIInterfaceOrientationPortrait;
				LD_RUNPATH_SEARCH_PATHS = (
					"$(inherited)",
					"@executable_path/Frameworks",
				);
				MARKETING_VERSION = 1.0;
				PRODUCT_BUNDLE_IDENTIFIER = co.ricoapps.ToDoList;
				PRODUCT_NAME = "$(TARGET_NAME)";
				SWIFT_EMIT_LOC_STRINGS = YES;
				SWIFT_VERSION = 5.0;
				TARGETED_DEVICE_FAMILY = "1,2";
			};
			name = Release;
		};
		1F4F31082BE1C98A00DEBF66 /* Debug */ = {
			isa = XCBuildConfiguration;
			buildSettings = {
				ALWAYS_EMBED_SWIFT_STANDARD_LIBRARIES = YES;
				BUNDLE_LOADER = "$(TEST_HOST)";
				CODE_SIGN_STYLE = Automatic;
				CURRENT_PROJECT_VERSION = 1;
				GENERATE_INFOPLIST_FILE = YES;
				IPHONEOS_DEPLOYMENT_TARGET = 17.2;
				MARKETING_VERSION = 1.0;
				PRODUCT_BUNDLE_IDENTIFIER = co.ricoapps.ToDoListTests;
				PRODUCT_NAME = "$(TARGET_NAME)";
				SWIFT_EMIT_LOC_STRINGS = NO;
				SWIFT_VERSION = 5.0;
				TARGETED_DEVICE_FAMILY = "1,2";
				TEST_HOST = "$(BUILT_PRODUCTS_DIR)/ToDoList.app/$(BUNDLE_EXECUTABLE_FOLDER_PATH)/ToDoList";
			};
			name = Debug;
		};
		1F4F31092BE1C98A00DEBF66 /* Release */ = {
			isa = XCBuildConfiguration;
			buildSettings = {
				ALWAYS_EMBED_SWIFT_STANDARD_LIBRARIES = YES;
				BUNDLE_LOADER = "$(TEST_HOST)";
				CODE_SIGN_STYLE = Automatic;
				CURRENT_PROJECT_VERSION = 1;
				GENERATE_INFOPLIST_FILE = YES;
				IPHONEOS_DEPLOYMENT_TARGET = 17.2;
				MARKETING_VERSION = 1.0;
				PRODUCT_BUNDLE_IDENTIFIER = co.ricoapps.ToDoListTests;
				PRODUCT_NAME = "$(TARGET_NAME)";
				SWIFT_EMIT_LOC_STRINGS = NO;
				SWIFT_VERSION = 5.0;
				TARGETED_DEVICE_FAMILY = "1,2";
				TEST_HOST = "$(BUILT_PRODUCTS_DIR)/ToDoList.app/$(BUNDLE_EXECUTABLE_FOLDER_PATH)/ToDoList";
			};
			name = Release;
		};
		1F4F310B2BE1C98A00DEBF66 /* Debug */ = {
			isa = XCBuildConfiguration;
			buildSettings = {
				ALWAYS_EMBED_SWIFT_STANDARD_LIBRARIES = YES;
				CODE_SIGN_STYLE = Automatic;
				CURRENT_PROJECT_VERSION = 1;
				GENERATE_INFOPLIST_FILE = YES;
				MARKETING_VERSION = 1.0;
				PRODUCT_BUNDLE_IDENTIFIER = co.ricoapps.ToDoListUITests;
				PRODUCT_NAME = "$(TARGET_NAME)";
				SWIFT_EMIT_LOC_STRINGS = NO;
				SWIFT_VERSION = 5.0;
				TARGETED_DEVICE_FAMILY = "1,2";
				TEST_TARGET_NAME = ToDoList;
			};
			name = Debug;
		};
		1F4F310C2BE1C98A00DEBF66 /* Release */ = {
			isa = XCBuildConfiguration;
			buildSettings = {
				ALWAYS_EMBED_SWIFT_STANDARD_LIBRARIES = YES;
				CODE_SIGN_STYLE = Automatic;
				CURRENT_PROJECT_VERSION = 1;
				GENERATE_INFOPLIST_FILE = YES;
				MARKETING_VERSION = 1.0;
				PRODUCT_BUNDLE_IDENTIFIER = co.ricoapps.ToDoListUITests;
				PRODUCT_NAME = "$(TARGET_NAME)";
				SWIFT_EMIT_LOC_STRINGS = NO;
				SWIFT_VERSION = 5.0;
				TARGETED_DEVICE_FAMILY = "1,2";
				TEST_TARGET_NAME = ToDoList;
			};
			name = Release;
		};
/* End XCBuildConfiguration section */

/* Begin XCConfigurationList section */
		1F4F30DB2BE1C98600DEBF66 /* Build configuration list for PBXProject "ToDoList" */ = {
			isa = XCConfigurationList;
			buildConfigurations = (
				1F4F31022BE1C98A00DEBF66 /* Debug */,
				1F4F31032BE1C98A00DEBF66 /* Release */,
			);
			defaultConfigurationIsVisible = 0;
			defaultConfigurationName = Release;
		};
		1F4F31042BE1C98A00DEBF66 /* Build configuration list for PBXNativeTarget "ToDoList" */ = {
			isa = XCConfigurationList;
			buildConfigurations = (
				1F4F31052BE1C98A00DEBF66 /* Debug */,
				1F4F31062BE1C98A00DEBF66 /* Release */,
			);
			defaultConfigurationIsVisible = 0;
			defaultConfigurationName = Release;
		};
		1F4F31072BE1C98A00DEBF66 /* Build configuration list for PBXNativeTarget "ToDoListTests" */ = {
			isa = XCConfigurationList;
			buildConfigurations = (
				1F4F31082BE1C98A00DEBF66 /* Debug */,
				1F4F31092BE1C98A00DEBF66 /* Release */,
			);
			defaultConfigurationIsVisible = 0;
			defaultConfigurationName = Release;
		};
		1F4F310A2BE1C98A00DEBF66 /* Build configuration list for PBXNativeTarget "ToDoListUITests" */ = {
			isa = XCConfigurationList;
			buildConfigurations = (
				1F4F310B2BE1C98A00DEBF66 /* Debug */,
				1F4F310C2BE1C98A00DEBF66 /* Release */,
			);
			defaultConfigurationIsVisible = 0;
			defaultConfigurationName = Release;
		};
/* End XCConfigurationList section */

/* Begin XCRemoteSwiftPackageReference section */
		1F4F310D2BE1CBCC00DEBF66 /* XCRemoteSwiftPackageReference "firebase-ios-sdk" */ = {
			isa = XCRemoteSwiftPackageReference;
			repositoryURL = "https://github.com/firebase/firebase-ios-sdk.git";
			requirement = {
				kind = upToNextMajorVersion;
				minimumVersion = 10.25.0;
			};
		};
/* End XCRemoteSwiftPackageReference section */

/* Begin XCSwiftPackageProductDependency section */
		1F4F310E2BE1CBCC00DEBF66 /* FirebaseAuth */ = {
			isa = XCSwiftPackageProductDependency;
			package = 1F4F310D2BE1CBCC00DEBF66 /* XCRemoteSwiftPackageReference "firebase-ios-sdk" */;
			productName = FirebaseAuth;
		};
		1F4F31102BE1CBCC00DEBF66 /* FirebaseFirestore */ = {
			isa = XCSwiftPackageProductDependency;
			package = 1F4F310D2BE1CBCC00DEBF66 /* XCRemoteSwiftPackageReference "firebase-ios-sdk" */;
			productName = FirebaseFirestore;
		};
		1F4F31122BE1CBCC00DEBF66 /* FirebaseFirestoreSwift */ = {
			isa = XCSwiftPackageProductDependency;
			package = 1F4F310D2BE1CBCC00DEBF66 /* XCRemoteSwiftPackageReference "firebase-ios-sdk" */;
			productName = FirebaseFirestoreSwift;
		};
/* End XCSwiftPackageProductDependency section */
	};
	rootObject = 1F4F30D82BE1C98600DEBF66 /* Project object */;
}
